
Microsoft Visual Studio Solution File, Format Version 12.00
# Visual Studio Version 17
VisualStudioVersion = 17.1.32328.378
MinimumVisualStudioVersion = 10.0.40219.1
Project("{FAE04EC0-301F-11D3-BF4B-00C04F79EFBC}") = "HatProject1", "HatProject1.csproj", "{74D8E824-0EC6-443A-88B1-31EB49003D1B}"
EndProject
Global
	GlobalSection(SolutionConfigurationPlatforms) = preSolution
		Debug|Any CPU = Debug|Any CPU
		Release|Any CPU = Release|Any CPU
	EndGlobalSection
	GlobalSection(ProjectConfigurationPlatforms) = postSolution
		{74D8E824-0EC6-443A-88B1-31EB49003D1B}.Debug|Any CPU.ActiveCfg = Debug|Any CPU
		{74D8E824-0EC6-443A-88B1-31EB49003D1B}.Debug|Any CPU.Build.0 = Debug|Any CPU
		{74D8E824-0EC6-443A-88B1-31EB49003D1B}.Release|Any CPU.ActiveCfg = Release|Any CPU
		{74D8E824-0EC6-443A-88B1-31EB49003D1B}.Release|Any CPU.Build.0 = Release|Any CPU
	EndGlobalSection
	GlobalSection(SolutionProperties) = preSolution
		HideSolutionNode = FALSE
	EndGlobalSection
	GlobalSection(ExtensibilityGlobals) = postSolution
		SolutionGuid = {CF7315DF-1EA4-4D63-A689-711CFB9D5C03}
	EndGlobalSection
EndGlobal
